// !$*UTF8*$!
{
	archiveVersion = 1;
	classes = {
	};
	objectVersion = 50;
	objects = {

/* Begin PBXBuildFile section */
		3F38813422CCC7C300D35A42 /* FiltersViewController.swift in Sources */ = {isa = PBXBuildFile; fileRef = 3F38813322CCC7C300D35A42 /* FiltersViewController.swift */; };
		3FAFFC4022CB59C000827422 /* AppDelegate.swift in Sources */ = {isa = PBXBuildFile; fileRef = 3FAFFC3F22CB59C000827422 /* AppDelegate.swift */; };
		3FAFFC4222CB59C000827422 /* ViewController.swift in Sources */ = {isa = PBXBuildFile; fileRef = 3FAFFC4122CB59C000827422 /* ViewController.swift */; };
		3FAFFC4522CB59C000827422 /* Main.storyboard in Resources */ = {isa = PBXBuildFile; fileRef = 3FAFFC4322CB59C000827422 /* Main.storyboard */; };
		3FAFFC4722CB59C200827422 /* Assets.xcassets in Resources */ = {isa = PBXBuildFile; fileRef = 3FAFFC4622CB59C200827422 /* Assets.xcassets */; };
		3FAFFC4A22CB59C200827422 /* LaunchScreen.storyboard in Resources */ = {isa = PBXBuildFile; fileRef = 3FAFFC4822CB59C200827422 /* LaunchScreen.storyboard */; };
		3FAFFC5522CB59C300827422 /* my_work1Tests.swift in Sources */ = {isa = PBXBuildFile; fileRef = 3FAFFC5422CB59C300827422 /* my_work1Tests.swift */; };
		3FAFFC6022CB59C300827422 /* my_work1UITests.swift in Sources */ = {isa = PBXBuildFile; fileRef = 3FAFFC5F22CB59C300827422 /* my_work1UITests.swift */; };
/* End PBXBuildFile section */

/* Begin PBXContainerItemProxy section */
		3FAFFC5122CB59C300827422 /* PBXContainerItemProxy */ = {
			isa = PBXContainerItemProxy;
			containerPortal = 3FAFFC3422CB59C000827422 /* Project object */;
			proxyType = 1;
			remoteGlobalIDString = 3FAFFC3B22CB59C000827422;
			remoteInfo = "my work1";
		};
		3FAFFC5C22CB59C300827422 /* PBXContainerItemProxy */ = {
			isa = PBXContainerItemProxy;
			containerPortal = 3FAFFC3422CB59C000827422 /* Project object */;
			proxyType = 1;
			remoteGlobalIDString = 3FAFFC3B22CB59C000827422;
			remoteInfo = "my work1";
		};
/* End PBXContainerItemProxy section */

/* Begin PBXFileReference section */
		3F38813322CCC7C300D35A42 /* FiltersViewController.swift */ = {isa = PBXFileReference; lastKnownFileType = sourcecode.swift; path = FiltersViewController.swift; sourceTree = "<group>"; };
		3FAFFC3C22CB59C000827422 /* my work1.app */ = {isa = PBXFileReference; explicitFileType = wrapper.application; includeInIndex = 0; path = "my work1.app"; sourceTree = BUILT_PRODUCTS_DIR; };
		3FAFFC3F22CB59C000827422 /* AppDelegate.swift */ = {isa = PBXFileReference; lastKnownFileType = sourcecode.swift; path = AppDelegate.swift; sourceTree = "<group>"; };
		3FAFFC4122CB59C000827422 /* ViewController.swift */ = {isa = PBXFileReference; lastKnownFileType = sourcecode.swift; path = ViewController.swift; sourceTree = "<group>"; };
		3FAFFC4422CB59C000827422 /* Base */ = {isa = PBXFileReference; lastKnownFileType = file.storyboard; name = Base; path = Base.lproj/Main.storyboard; sourceTree = "<group>"; };
		3FAFFC4622CB59C200827422 /* Assets.xcassets */ = {isa = PBXFileReference; lastKnownFileType = folder.assetcatalog; path = Assets.xcassets; sourceTree = "<group>"; };
		3FAFFC4922CB59C200827422 /* Base */ = {isa = PBXFileReference; lastKnownFileType = file.storyboard; name = Base; path = Base.lproj/LaunchScreen.storyboard; sourceTree = "<group>"; };
		3FAFFC4B22CB59C200827422 /* Info.plist */ = {isa = PBXFileReference; lastKnownFileType = text.plist.xml; path = Info.plist; sourceTree = "<group>"; };
		3FAFFC5022CB59C300827422 /* my work1Tests.xctest */ = {isa = PBXFileReference; explicitFileType = wrapper.cfbundle; includeInIndex = 0; path = "my work1Tests.xctest"; sourceTree = BUILT_PRODUCTS_DIR; };
		3FAFFC5422CB59C300827422 /* my_work1Tests.swift */ = {isa = PBXFileReference; lastKnownFileType = sourcecode.swift; path = my_work1Tests.swift; sourceTree = "<group>"; };
		3FAFFC5622CB59C300827422 /* Info.plist */ = {isa = PBXFileReference; lastKnownFileType = text.plist.xml; path = Info.plist; sourceTree = "<group>"; };
		3FAFFC5B22CB59C300827422 /* my work1UITests.xctest */ = {isa = PBXFileReference; explicitFileType = wrapper.cfbundle; includeInIndex = 0; path = "my work1UITests.xctest"; sourceTree = BUILT_PRODUCTS_DIR; };
		3FAFFC5F22CB59C300827422 /* my_work1UITests.swift */ = {isa = PBXFileReference; lastKnownFileType = sourcecode.swift; path = my_work1UITests.swift; sourceTree = "<group>"; };
		3FAFFC6122CB59C300827422 /* Info.plist */ = {isa = PBXFileReference; lastKnownFileType = text.plist.xml; path = Info.plist; sourceTree = "<group>"; };
/* End PBXFileReference section */

/* Begin PBXFrameworksBuildPhase section */
		3FAFFC3922CB59C000827422 /* Frameworks */ = {
			isa = PBXFrameworksBuildPhase;
			buildActionMask = 2147483647;
			files = (
			);
			runOnlyForDeploymentPostprocessing = 0;
		};
		3FAFFC4D22CB59C300827422 /* Frameworks */ = {
			isa = PBXFrameworksBuildPhase;
			buildActionMask = 2147483647;
			files = (
			);
			runOnlyForDeploymentPostprocessing = 0;
		};
		3FAFFC5822CB59C300827422 /* Frameworks */ = {
			isa = PBXFrameworksBuildPhase;
			buildActionMask = 2147483647;
			files = (
			);
			runOnlyForDeploymentPostprocessing = 0;
		};
/* End PBXFrameworksBuildPhase section */

/* Begin PBXGroup section */
		3FAFFC3322CB59C000827422 = {
			isa = PBXGroup;
			children = (
				3FAFFC3E22CB59C000827422 /* my work1 */,
				3FAFFC5322CB59C300827422 /* my work1Tests */,
				3FAFFC5E22CB59C300827422 /* my work1UITests */,
				3FAFFC3D22CB59C000827422 /* Products */,
			);
			sourceTree = "<group>";
		};
		3FAFFC3D22CB59C000827422 /* Products */ = {
			isa = PBXGroup;
			children = (
				3FAFFC3C22CB59C000827422 /* my work1.app */,
				3FAFFC5022CB59C300827422 /* my work1Tests.xctest */,
				3FAFFC5B22CB59C300827422 /* my work1UITests.xctest */,
			);
			name = Products;
			sourceTree = "<group>";
		};
		3FAFFC3E22CB59C000827422 /* my work1 */ = {
			isa = PBXGroup;
			children = (
				3FAFFC3F22CB59C000827422 /* AppDelegate.swift */,
				3FAFFC4122CB59C000827422 /* ViewController.swift */,
				3FAFFC4322CB59C000827422 /* Main.storyboard */,
				3FAFFC4622CB59C200827422 /* Assets.xcassets */,
				3FAFFC4822CB59C200827422 /* LaunchScreen.storyboard */,
				3FAFFC4B22CB59C200827422 /* Info.plist */,
				3F38813322CCC7C300D35A42 /* FiltersViewController.swift */,
			);
			path = "my work1";
			sourceTree = "<group>";
		};
		3FAFFC5322CB59C300827422 /* my work1Tests */ = {
			isa = PBXGroup;
			children = (
				3FAFFC5422CB59C300827422 /* my_work1Tests.swift */,
				3FAFFC5622CB59C300827422 /* Info.plist */,
			);
			path = "my work1Tests";
			sourceTree = "<group>";
		};
		3FAFFC5E22CB59C300827422 /* my work1UITests */ = {
			isa = PBXGroup;
			children = (
				3FAFFC5F22CB59C300827422 /* my_work1UITests.swift */,
				3FAFFC6122CB59C300827422 /* Info.plist */,
			);
			path = "my work1UITests";
			sourceTree = "<group>";
		};
/* End PBXGroup section */

/* Begin PBXNativeTarget section */
		3FAFFC3B22CB59C000827422 /* my work1 */ = {
			isa = PBXNativeTarget;
			buildConfigurationList = 3FAFFC6422CB59C300827422 /* Build configuration list for PBXNativeTarget "my work1" */;
			buildPhases = (
				3FAFFC3822CB59C000827422 /* Sources */,
				3FAFFC3922CB59C000827422 /* Frameworks */,
				3FAFFC3A22CB59C000827422 /* Resources */,
			);
			buildRules = (
			);
			dependencies = (
			);
			name = "my work1";
			productName = "my work1";
			productReference = 3FAFFC3C22CB59C000827422 /* my work1.app */;
			productType = "com.apple.product-type.application";
		};
		3FAFFC4F22CB59C300827422 /* my work1Tests */ = {
			isa = PBXNativeTarget;
			buildConfigurationList = 3FAFFC6722CB59C300827422 /* Build configuration list for PBXNativeTarget "my work1Tests" */;
			buildPhases = (
				3FAFFC4C22CB59C300827422 /* Sources */,
				3FAFFC4D22CB59C300827422 /* Frameworks */,
				3FAFFC4E22CB59C300827422 /* Resources */,
			);
			buildRules = (
			);
			dependencies = (
				3FAFFC5222CB59C300827422 /* PBXTargetDependency */,
			);
			name = "my work1Tests";
			productName = "my work1Tests";
			productReference = 3FAFFC5022CB59C300827422 /* my work1Tests.xctest */;
			productType = "com.apple.product-type.bundle.unit-test";
		};
		3FAFFC5A22CB59C300827422 /* my work1UITests */ = {
			isa = PBXNativeTarget;
			buildConfigurationList = 3FAFFC6A22CB59C300827422 /* Build configuration list for PBXNativeTarget "my work1UITests" */;
			buildPhases = (
				3FAFFC5722CB59C300827422 /* Sources */,
				3FAFFC5822CB59C300827422 /* Frameworks */,
				3FAFFC5922CB59C300827422 /* Resources */,
			);
			buildRules = (
			);
			dependencies = (
				3FAFFC5D22CB59C300827422 /* PBXTargetDependency */,
			);
			name = "my work1UITests";
			productName = "my work1UITests";
			productReference = 3FAFFC5B22CB59C300827422 /* my work1UITests.xctest */;
			productType = "com.apple.product-type.bundle.ui-testing";
		};
/* End PBXNativeTarget section */

/* Begin PBXProject section */
		3FAFFC3422CB59C000827422 /* Project object */ = {
			isa = PBXProject;
			attributes = {
				LastSwiftUpdateCheck = 1010;
				LastUpgradeCheck = 1010;
				ORGANIZATIONNAME = Student;
				TargetAttributes = {
					3FAFFC3B22CB59C000827422 = {
						CreatedOnToolsVersion = 10.1;
					};
					3FAFFC4F22CB59C300827422 = {
						CreatedOnToolsVersion = 10.1;
						TestTargetID = 3FAFFC3B22CB59C000827422;
					};
					3FAFFC5A22CB59C300827422 = {
						CreatedOnToolsVersion = 10.1;
						TestTargetID = 3FAFFC3B22CB59C000827422;
					};
				};
			};
			buildConfigurationList = 3FAFFC3722CB59C000827422 /* Build configuration list for PBXProject "my work1" */;
			compatibilityVersion = "Xcode 9.3";
			developmentRegion = en;
			hasScannedForEncodings = 0;
			knownRegions = (
				en,
				Base,
			);
			mainGroup = 3FAFFC3322CB59C000827422;
			productRefGroup = 3FAFFC3D22CB59C000827422 /* Products */;
			projectDirPath = "";
			projectRoot = "";
			targets = (
				3FAFFC3B22CB59C000827422 /* my work1 */,
				3FAFFC4F22CB59C300827422 /* my work1Tests */,
				3FAFFC5A22CB59C300827422 /* my work1UITests */,
			);
		};
/* End PBXProject section */

/* Begin PBXResourcesBuildPhase section */
		3FAFFC3A22CB59C000827422 /* Resources */ = {
			isa = PBXResourcesBuildPhase;
			buildActionMask = 2147483647;
			files = (
				3FAFFC4A22CB59C200827422 /* LaunchScreen.storyboard in Resources */,
				3FAFFC4722CB59C200827422 /* Assets.xcassets in Resources */,
				3FAFFC4522CB59C000827422 /* Main.storyboard in Resources */,
			);
			runOnlyForDeploymentPostprocessing = 0;
		};
		3FAFFC4E22CB59C300827422 /* Resources */ = {
			isa = PBXResourcesBuildPhase;
			buildActionMask = 2147483647;
			files = (
			);
			runOnlyForDeploymentPostprocessing = 0;
		};
		3FAFFC5922CB59C300827422 /* Resources */ = {
			isa = PBXResourcesBuildPhase;
			buildActionMask = 2147483647;
			files = (
			);
			runOnlyForDeploymentPostprocessing = 0;
		};
/* End PBXResourcesBuildPhase section */

/* Begin PBXSourcesBuildPhase section */
		3FAFFC3822CB59C000827422 /* Sources */ = {
			isa = PBXSourcesBuildPhase;
			buildActionMask = 2147483647;
			files = (
				3FAFFC4222CB59C000827422 /* ViewController.swift in Sources */,
				3F38813422CCC7C300D35A42 /* FiltersViewController.swift in Sources */,
				3FAFFC4022CB59C000827422 /* AppDelegate.swift in Sources */,
			);
			runOnlyForDeploymentPostprocessing = 0;
		};
		3FAFFC4C22CB59C300827422 /* Sources */ = {
			isa = PBXSourcesBuildPhase;
			buildActionMask = 2147483647;
			files = (
				3FAFFC5522CB59C300827422 /* my_work1Tests.swift in Sources */,
			);
			runOnlyForDeploymentPostprocessing = 0;
		};
		3FAFFC5722CB59C300827422 /* Sources */ = {
			isa = PBXSourcesBuildPhase;
			buildActionMask = 2147483647;
			files = (
				3FAFFC6022CB59C300827422 /* my_work1UITests.swift in Sources */,
			);
			runOnlyForDeploymentPostprocessing = 0;
		};
/* End PBXSourcesBuildPhase section */

/* Begin PBXTargetDependency section */
		3FAFFC5222CB59C300827422 /* PBXTargetDependency */ = {
			isa = PBXTargetDependency;
			target = 3FAFFC3B22CB59C000827422 /* my work1 */;
			targetProxy = 3FAFFC5122CB59C300827422 /* PBXContainerItemProxy */;
		};
		3FAFFC5D22CB59C300827422 /* PBXTargetDependency */ = {
			isa = PBXTargetDependency;
			target = 3FAFFC3B22CB59C000827422 /* my work1 */;
			targetProxy = 3FAFFC5C22CB59C300827422 /* PBXContainerItemProxy */;
		};
/* End PBXTargetDependency section */

/* Begin PBXVariantGroup section */
		3FAFFC4322CB59C000827422 /* Main.storyboard */ = {
			isa = PBXVariantGroup;
			children = (
				3FAFFC4422CB59C000827422 /* Base */,
			);
			name = Main.storyboard;
			sourceTree = "<group>";
		};
		3FAFFC4822CB59C200827422 /* LaunchScreen.storyboard */ = {
			isa = PBXVariantGroup;
			children = (
				3FAFFC4922CB59C200827422 /* Base */,
			);
			name = LaunchScreen.storyboard;
			sourceTree = "<group>";
		};
/* End PBXVariantGroup section */

/* Begin XCBuildConfiguration section */
		3FAFFC6222CB59C300827422 /* Debug */ = {
			isa = XCBuildConfiguration;
			buildSettings = {
				ALWAYS_SEARCH_USER_PATHS = NO;
				CLANG_ANALYZER_NONNULL = YES;
				CLANG_ANALYZER_NUMBER_OBJECT_CONVERSION = YES_AGGRESSIVE;
				CLANG_CXX_LANGUAGE_STANDARD = "gnu++14";
				CLANG_CXX_LIBRARY = "libc++";
				CLANG_ENABLE_MODULES = YES;
				CLANG_ENABLE_OBJC_ARC = YES;
				CLANG_ENABLE_OBJC_WEAK = YES;
				CLANG_WARN_BLOCK_CAPTURE_AUTORELEASING = YES;
				CLANG_WARN_BOOL_CONVERSION = YES;
				CLANG_WARN_COMMA = YES;
				CLANG_WARN_CONSTANT_CONVERSION = YES;
				CLANG_WARN_DEPRECATED_OBJC_IMPLEMENTATIONS = YES;
				CLANG_WARN_DIRECT_OBJC_ISA_USAGE = YES_ERROR;
				CLANG_WARN_DOCUMENTATION_COMMENTS = YES;
				CLANG_WARN_EMPTY_BODY = YES;
				CLANG_WARN_ENUM_CONVERSION = YES;
				CLANG_WARN_INFINITE_RECURSION = YES;
				CLANG_WARN_INT_CONVERSION = YES;
				CLANG_WARN_NON_LITERAL_NULL_CONVERSION = YES;
				CLANG_WARN_OBJC_IMPLICIT_RETAIN_SELF = YES;
				CLANG_WARN_OBJC_LITERAL_CONVERSION = YES;
				CLANG_WARN_OBJC_ROOT_CLASS = YES_ERROR;
				CLANG_WARN_RANGE_LOOP_ANALYSIS = YES;
				CLANG_WARN_STRICT_PROTOTYPES = YES;
				CLANG_WARN_SUSPICIOUS_MOVE = YES;
				CLANG_WARN_UNGUARDED_AVAILABILITY = YES_AGGRESSIVE;
				CLANG_WARN_UNREACHABLE_CODE = YES;
				CLANG_WARN__DUPLICATE_METHOD_MATCH = YES;
				CODE_SIGN_IDENTITY = "iPhone Developer";
				COPY_PHASE_STRIP = NO;
				DEBUG_INFORMATION_FORMAT = dwarf;
				ENABLE_STRICT_OBJC_MSGSEND = YES;
				ENABLE_TESTABILITY = YES;
				GCC_C_LANGUAGE_STANDARD = gnu11;
				GCC_DYNAMIC_NO_PIC = NO;
				GCC_NO_COMMON_BLOCKS = YES;
				GCC_OPTIMIZATION_LEVEL = 0;
				GCC_PREPROCESSOR_DEFINITIONS = (
					"DEBUG=1",
					"$(inherited)",
				);
				GCC_WARN_64_TO_32_BIT_CONVERSION = YES;
				GCC_WARN_ABOUT_RETURN_TYPE = YES_ERROR;
				GCC_WARN_UNDECLARED_SELECTOR = YES;
				GCC_WARN_UNINITIALIZED_AUTOS = YES_AGGRESSIVE;
				GCC_WARN_UNUSED_FUNCTION = YES;
				GCC_WARN_UNUSED_VARIABLE = YES;
				IPHONEOS_DEPLOYMENT_TARGET = 12.1;
				MTL_ENABLE_DEBUG_INFO = INCLUDE_SOURCE;
				MTL_FAST_MATH = YES;
				ONLY_ACTIVE_ARCH = YES;
				SDKROOT = iphoneos;
				SWIFT_ACTIVE_COMPILATION_CONDITIONS = DEBUG;
				SWIFT_OPTIMIZATION_LEVEL = "-Onone";
			};
			name = Debug;
		};
		3FAFFC6322CB59C300827422 /* Release */ = {
			isa = XCBuildConfiguration;
			buildSettings = {
				ALWAYS_SEARCH_USER_PATHS = NO;
				CLANG_ANALYZER_NONNULL = YES;
				CLANG_ANALYZER_NUMBER_OBJECT_CONVERSION = YES_AGGRESSIVE;
				CLANG_CXX_LANGUAGE_STANDARD = "gnu++14";
				CLANG_CXX_LIBRARY = "libc++";
				CLANG_ENABLE_MODULES = YES;
				CLANG_ENABLE_OBJC_ARC = YES;
				CLANG_ENABLE_OBJC_WEAK = YES;
				CLANG_WARN_BLOCK_CAPTURE_AUTORELEASING = YES;
				CLANG_WARN_BOOL_CONVERSION = YES;
				CLANG_WARN_COMMA = YES;
				CLANG_WARN_CONSTANT_CONVERSION = YES;
				CLANG_WARN_DEPRECATED_OBJC_IMPLEMENTATIONS = YES;
				CLANG_WARN_DIRECT_OBJC_ISA_USAGE = YES_ERROR;
				CLANG_WARN_DOCUMENTATION_COMMENTS = YES;
				CLANG_WARN_EMPTY_BODY = YES;
				CLANG_WARN_ENUM_CONVERSION = YES;
				CLANG_WARN_INFINITE_RECURSION = YES;
				CLANG_WARN_INT_CONVERSION = YES;
				CLANG_WARN_NON_LITERAL_NULL_CONVERSION = YES;
				CLANG_WARN_OBJC_IMPLICIT_RETAIN_SELF = YES;
				CLANG_WARN_OBJC_LITERAL_CONVERSION = YES;
				CLANG_WARN_OBJC_ROOT_CLASS = YES_ERROR;
				CLANG_WARN_RANGE_LOOP_ANALYSIS = YES;
				CLANG_WARN_STRICT_PROTOTYPES = YES;
				CLANG_WARN_SUSPICIOUS_MOVE = YES;
				CLANG_WARN_UNGUARDED_AVAILABILITY = YES_AGGRESSIVE;
				CLANG_WARN_UNREACHABLE_CODE = YES;
				CLANG_WARN__DUPLICATE_METHOD_MATCH = YES;
				CODE_SIGN_IDENTITY = "iPhone Developer";
				COPY_PHASE_STRIP = NO;
				DEBUG_INFORMATION_FORMAT = "dwarf-with-dsym";
				ENABLE_NS_ASSERTIONS = NO;
				ENABLE_STRICT_OBJC_MSGSEND = YES;
				GCC_C_LANGUAGE_STANDARD = gnu11;
				GCC_NO_COMMON_BLOCKS = YES;
				GCC_WARN_64_TO_32_BIT_CONVERSION = YES;
				GCC_WARN_ABOUT_RETURN_TYPE = YES_ERROR;
				GCC_WARN_UNDECLARED_SELECTOR = YES;
				GCC_WARN_UNINITIALIZED_AUTOS = YES_AGGRESSIVE;
				GCC_WARN_UNUSED_FUNCTION = YES;
				GCC_WARN_UNUSED_VARIABLE = YES;
				IPHONEOS_DEPLOYMENT_TARGET = 12.1;
				MTL_ENABLE_DEBUG_INFO = NO;
				MTL_FAST_MATH = YES;
				SDKROOT = iphoneos;
				SWIFT_COMPILATION_MODE = wholemodule;
				SWIFT_OPTIMIZATION_LEVEL = "-O";
				VALIDATE_PRODUCT = YES;
			};
			name = Release;
		};
		3FAFFC6522CB59C300827422 /* Debug */ = {
			isa = XCBuildConfiguration;
			buildSettings = {
				ASSETCATALOG_COMPILER_APPICON_NAME = AppIcon;
				CODE_SIGN_STYLE = Automatic;
				INFOPLIST_FILE = "my work1/Info.plist";
				LD_RUNPATH_SEARCH_PATHS = (
					"$(inherited)",
					"@executable_path/Frameworks",
				);
				PRODUCT_BUNDLE_IDENTIFIER = "com.hse.my-work1";
				PRODUCT_NAME = "$(TARGET_NAME)";
				SWIFT_VERSION = 4.2;
				TARGETED_DEVICE_FAMILY = "1,2";
			};
			name = Debug;
		};
		3FAFFC6622CB59C300827422 /* Release */ = {
			isa = XCBuildConfiguration;
			buildSettings = {
				ASSETCATALOG_COMPILER_APPICON_NAME = AppIcon;
				CODE_SIGN_STYLE = Automatic;
				INFOPLIST_FILE = "my work1/Info.plist";
				LD_RUNPATH_SEARCH_PATHS = (
					"$(inherited)",
					"@executable_path/Frameworks",
				);
				PRODUCT_BUNDLE_IDENTIFIER = "com.hse.my-work1";
				PRODUCT_NAME = "$(TARGET_NAME)";
				SWIFT_VERSION = 4.2;
				TARGETED_DEVICE_FAMILY = "1,2";
			};
			name = Release;
		};
		3FAFFC6822CB59C300827422 /* Debug */ = {
			isa = XCBuildConfiguration;
			buildSettings = {
				ALWAYS_EMBED_SWIFT_STANDARD_LIBRARIES = YES;
				BUNDLE_LOADER = "$(TEST_HOST)";
				CODE_SIGN_STYLE = Automatic;
				INFOPLIST_FILE = "my work1Tests/Info.plist";
				LD_RUNPATH_SEARCH_PATHS = (
					"$(inherited)",
					"@executable_path/Frameworks",
					"@loader_path/Frameworks",
				);
				PRODUCT_BUNDLE_IDENTIFIER = "com.hse.my-work1Tests";
				PRODUCT_NAME = "$(TARGET_NAME)";
				SWIFT_VERSION = 4.2;
				TARGETED_DEVICE_FAMILY = "1,2";
				TEST_HOST = "$(BUILT_PRODUCTS_DIR)/my work1.app/my work1";
			};
			name = Debug;
		};
		3FAFFC6922CB59C300827422 /* Release */ = {
			isa = XCBuildConfiguration;
			buildSettings = {
				ALWAYS_EMBED_SWIFT_STANDARD_LIBRARIES = YES;
				BUNDLE_LOADER = "$(TEST_HOST)";
				CODE_SIGN_STYLE = Automatic;
				INFOPLIST_FILE = "my work1Tests/Info.plist";
				LD_RUNPATH_SEARCH_PATHS = (
					"$(inherited)",
					"@executable_path/Frameworks",
					"@loader_path/Frameworks",
				);
				PRODUCT_BUNDLE_IDENTIFIER = "com.hse.my-work1Tests";
				PRODUCT_NAME = "$(TARGET_NAME)";
				SWIFT_VERSION = 4.2;
				TARGETED_DEVICE_FAMILY = "1,2";
				TEST_HOST = "$(BUILT_PRODUCTS_DIR)/my work1.app/my work1";
			};
			name = Release;
		};
		3FAFFC6B22CB59C300827422 /* Debug */ = {
			isa = XCBuildConfiguration;
			buildSettings = {
				ALWAYS_EMBED_SWIFT_STANDARD_LIBRARIES = YES;
				CODE_SIGN_STYLE = Automatic;
				INFOPLIST_FILE = "my work1UITests/Info.plist";
				LD_RUNPATH_SEARCH_PATHS = (
					"$(inherited)",
					"@executable_path/Frameworks",
					"@loader_path/Frameworks",
				);
				PRODUCT_BUNDLE_IDENTIFIER = "com.hse.my-work1UITests";
				PRODUCT_NAME = "$(TARGET_NAME)";
				SWIFT_VERSION = 4.2;
				TARGETED_DEVICE_FAMILY = "1,2";
				TEST_TARGET_NAME = "my work1";
			};
			name = Debug;
		};
		3FAFFC6C22CB59C300827422 /* Release */ = {
			isa = XCBuildConfiguration;
			buildSettings = {
				ALWAYS_EMBED_SWIFT_STANDARD_LIBRARIES = YES;
				CODE_SIGN_STYLE = Automatic;
				INFOPLIST_FILE = "my work1UITests/Info.plist";
				LD_RUNPATH_SEARCH_PATHS = (
					"$(inherited)",
					"@executable_path/Frameworks",
					"@loader_path/Frameworks",
				);
				PRODUCT_BUNDLE_IDENTIFIER = "com.hse.my-work1UITests";
				PRODUCT_NAME = "$(TARGET_NAME)";
				SWIFT_VERSION = 4.2;
				TARGETED_DEVICE_FAMILY = "1,2";
				TEST_TARGET_NAME = "my work1";
			};
			name = Release;
		};
/* End XCBuildConfiguration section */

/* Begin XCConfigurationList section */
		3FAFFC3722CB59C000827422 /* Build configuration list for PBXProject "my work1" */ = {
			isa = XCConfigurationList;
			buildConfigurations = (
				3FAFFC6222CB59C300827422 /* Debug */,
				3FAFFC6322CB59C300827422 /* Release */,
			);
			defaultConfigurationIsVisible = 0;
			defaultConfigurationName = Release;
		};
		3FAFFC6422CB59C300827422 /* Build configuration list for PBXNativeTarget "my work1" */ = {
			isa = XCConfigurationList;
			buildConfigurations = (
				3FAFFC6522CB59C300827422 /* Debug */,
				3FAFFC6622CB59C300827422 /* Release */,
			);
			defaultConfigurationIsVisible = 0;
			defaultConfigurationName = Release;
		};
		3FAFFC6722CB59C300827422 /* Build configuration list for PBXNativeTarget "my work1Tests" */ = {
			isa = XCConfigurationList;
			buildConfigurations = (
				3FAFFC6822CB59C300827422 /* Debug */,
				3FAFFC6922CB59C300827422 /* Release */,
			);
			defaultConfigurationIsVisible = 0;
			defaultConfigurationName = Release;
		};
		3FAFFC6A22CB59C300827422 /* Build configuration list for PBXNativeTarget "my work1UITests" */ = {
			isa = XCConfigurationList;
			buildConfigurations = (
				3FAFFC6B22CB59C300827422 /* Debug */,
				3FAFFC6C22CB59C300827422 /* Release */,
			);
			defaultConfigurationIsVisible = 0;
			defaultConfigurationName = Release;
		};
/* End XCConfigurationList section */
	};
	rootObject = 3FAFFC3422CB59C000827422 /* Project object */;
}
